
Microsoft Visual Studio Solution File, Format Version 12.00
# Visual Studio 15
VisualStudioVersion = 15.0.27004.2010
MinimumVisualStudioVersion = 10.0.40219.1
Project("{2150E333-8FDC-42A3-9474-1A3956D46DE8}") = "solution-items", "solution-items", "{788185DD-7404-47DF-AFF3-698298A6F934}"
	ProjectSection(SolutionItems) = preProject
		Directory.Build.props = src\Directory.Build.props
		version.props = src\version.props
		src\common.props = src\common.props
		src\common-tests.props = src\common-tests.props
		src\Directory.Packages.props = src\Directory.Packages.props
	EndProjectSection
EndProject
Project("{2150E333-8FDC-42A3-9474-1A3956D46DE8}") = "analyzers", "analyzers", "{128DD115-0091-4987-9821-BE90AEF3CCB5}"
	ProjectSection(SolutionItems) = preProject
		StyleCop-Tests.ruleset = src\StyleCop-Tests.ruleset
		StyleCop.ruleset = src\StyleCop.ruleset
		src\Analyzer.ruleset = src\Analyzer.ruleset
		src\Analyzer-Tests.ruleset = src\Analyzer-Tests.ruleset
	EndProjectSection
EndProject
Project("{2150E333-8FDC-42A3-9474-1A3956D46DE8}") = "package", "package", "{CCC62BA9-3124-4FBB-99B7-A8B6F339D74D}"
ProjectSection(SolutionItems) = preProject
	LICENSE = LICENSE
	NOTICE = NOTICE
	README.md = README.md
	assets\ppw-logo-2.png = assets\ppw-logo-2.png
	assets\ppw-logo.png = assets\ppw-logo.png
EndProjectSection
EndProject
Project("{2150E333-8FDC-42A3-9474-1A3956D46DE8}") = "build-pipeline", "build-pipeline", "{C6CF0C71-3799-485E-A6BC-C0E84C663F9A}"
	ProjectSection(SolutionItems) = preProject
		.github\workflows\publish.yml = .github\workflows\publish.yml
		.github\workflows\ci.yml = .github\workflows\ci.yml
	EndProjectSection
EndProject
Project("{FAE04EC0-301F-11D3-BF4B-00C04F79EFBC}") = "PPWCode.Vernacular.Semantics.V", "src\V\PPWCode.Vernacular.Semantics.V.csproj", "{D39FF6D3-D83F-4DB6-AA84-0A262A541A9D}"
EndProject
Project("{FAE04EC0-301F-11D3-BF4B-00C04F79EFBC}") = "PPWCode.Vernacular.Semantics.V.Tests", "src\V.Tests\PPWCode.Vernacular.Semantics.V.Tests.csproj", "{48496A05-6207-4B11-B3B1-7563753C7728}"
EndProject
Global
	GlobalSection(SolutionConfigurationPlatforms) = preSolution
		Debug|Any CPU = Debug|Any CPU
		Release|Any CPU = Release|Any CPU
	EndGlobalSection
	GlobalSection(ProjectConfigurationPlatforms) = postSolution
		{D39FF6D3-D83F-4DB6-AA84-0A262A541A9D}.Debug|Any CPU.ActiveCfg = Debug|Any CPU
		{D39FF6D3-D83F-4DB6-AA84-0A262A541A9D}.Debug|Any CPU.Build.0 = Debug|Any CPU
		{D39FF6D3-D83F-4DB6-AA84-0A262A541A9D}.Release|Any CPU.ActiveCfg = Release|Any CPU
		{D39FF6D3-D83F-4DB6-AA84-0A262A541A9D}.Release|Any CPU.Build.0 = Release|Any CPU
		{48496A05-6207-4B11-B3B1-7563753C7728}.Debug|Any CPU.ActiveCfg = Debug|Any CPU
		{48496A05-6207-4B11-B3B1-7563753C7728}.Debug|Any CPU.Build.0 = Debug|Any CPU
		{48496A05-6207-4B11-B3B1-7563753C7728}.Release|Any CPU.ActiveCfg = Release|Any CPU
		{48496A05-6207-4B11-B3B1-7563753C7728}.Release|Any CPU.Build.0 = Release|Any CPU
	EndGlobalSection
	GlobalSection(SolutionProperties) = preSolution
		HideSolutionNode = FALSE
	EndGlobalSection
	GlobalSection(ExtensibilityGlobals) = postSolution
		SolutionGuid = {988BFE74-1AF2-4EDE-924F-2371CF063A68}
	EndGlobalSection
EndGlobal
