
Microsoft Visual Studio Solution File, Format Version 12.00
# Visual Studio 15
VisualStudioVersion = 15.0.27004.2010
MinimumVisualStudioVersion = 10.0.40219.1
Project("{2150E333-8FDC-42A3-9474-1A3956D46DE8}") = "SolutionItems", "SolutionItems", "{788185DD-7404-47DF-AFF3-698298A6F934}"
	ProjectSection(SolutionItems) = preProject
		Directory.Build.props = Directory.Build.props
		..\LICENSE = ..\LICENSE
		..\NOTICE = ..\NOTICE
		..\README.md = ..\README.md
		version.props = version.props
	EndProjectSection
EndProject
Project("{2150E333-8FDC-42A3-9474-1A3956D46DE8}") = "psake", "psake", "{90949B3E-8AD7-4771-856E-47D86A5FAD33}"
	ProjectSection(SolutionItems) = preProject
		..\init-psake.ps1 = ..\init-psake.ps1
		..\psakefile.ps1 = ..\psakefile.ps1
	EndProjectSection
EndProject
Project("{9A19103F-16F7-4668-BE54-9A1E7A4F7556}") = "PPWCode.Vernacular.Semantics.III", "III\PPWCode.Vernacular.Semantics.III.csproj", "{DC2E40D4-0756-41CC-A77E-A03806991238}"
EndProject
Project("{9A19103F-16F7-4668-BE54-9A1E7A4F7556}") = "PPWCode.Vernacular.Semantics.III.Tests", "III.Tests\PPWCode.Vernacular.Semantics.III.Tests.csproj", "{7200287D-1E31-4C53-B24F-602A35614B6A}"
EndProject
Project("{2150E333-8FDC-42A3-9474-1A3956D46DE8}") = "StyleCop", "StyleCop", "{128DD115-0091-4987-9821-BE90AEF3CCB5}"
	ProjectSection(SolutionItems) = preProject
		StyleCop-Tests.ruleset = StyleCop-Tests.ruleset
		StyleCop.ruleset = StyleCop.ruleset
	EndProjectSection
EndProject
Global
	GlobalSection(SolutionConfigurationPlatforms) = preSolution
		Debug|Any CPU = Debug|Any CPU
		DebugNoInvariants|Any CPU = DebugNoInvariants|Any CPU
		Release|Any CPU = Release|Any CPU
	EndGlobalSection
	GlobalSection(ProjectConfigurationPlatforms) = postSolution
		{DC2E40D4-0756-41CC-A77E-A03806991238}.Debug|Any CPU.ActiveCfg = Debug|Any CPU
		{DC2E40D4-0756-41CC-A77E-A03806991238}.Debug|Any CPU.Build.0 = Debug|Any CPU
		{DC2E40D4-0756-41CC-A77E-A03806991238}.DebugNoInvariants|Any CPU.ActiveCfg = Debug|Any CPU
		{DC2E40D4-0756-41CC-A77E-A03806991238}.DebugNoInvariants|Any CPU.Build.0 = Debug|Any CPU
		{DC2E40D4-0756-41CC-A77E-A03806991238}.Release|Any CPU.ActiveCfg = Release|Any CPU
		{DC2E40D4-0756-41CC-A77E-A03806991238}.Release|Any CPU.Build.0 = Release|Any CPU
		{7200287D-1E31-4C53-B24F-602A35614B6A}.Debug|Any CPU.ActiveCfg = Debug|Any CPU
		{7200287D-1E31-4C53-B24F-602A35614B6A}.Debug|Any CPU.Build.0 = Debug|Any CPU
		{7200287D-1E31-4C53-B24F-602A35614B6A}.DebugNoInvariants|Any CPU.ActiveCfg = Debug|Any CPU
		{7200287D-1E31-4C53-B24F-602A35614B6A}.DebugNoInvariants|Any CPU.Build.0 = Debug|Any CPU
		{7200287D-1E31-4C53-B24F-602A35614B6A}.Release|Any CPU.ActiveCfg = Release|Any CPU
		{7200287D-1E31-4C53-B24F-602A35614B6A}.Release|Any CPU.Build.0 = Release|Any CPU
	EndGlobalSection
	GlobalSection(SolutionProperties) = preSolution
		HideSolutionNode = FALSE
	EndGlobalSection
	GlobalSection(ExtensibilityGlobals) = postSolution
		SolutionGuid = {988BFE74-1AF2-4EDE-924F-2371CF063A68}
	EndGlobalSection
EndGlobal
